{
  "version": "5",
  "redirects": {
    "https://deno.land/std/dotenv/mod.ts": "https://deno.land/std@0.224.0/dotenv/mod.ts",
    "https://esm.sh/@supabase/node-fetch@^2.6.14?target=denonext": "https://esm.sh/@supabase/node-fetch@2.6.15?target=denonext",
    "https://esm.sh/@supabase/phoenix@^0.4.2?target=denonext": "https://esm.sh/@supabase/phoenix@0.4.5?target=denonext",
    "https://esm.sh/@supabase/supabase-js@2": "https://esm.sh/@supabase/supabase-js@2.106.1",
    "https://esm.sh/@types/boolbase@~1.0.3/index.d.ts": "https://esm.sh/@types/boolbase@1.0.3/index.d.ts",
    "https://esm.sh/@types/ws@~8.18.1/index.d.mts": "https://esm.sh/@types/ws@8.18.1/index.d.mts",
    "https://esm.sh/boolbase@^1.0.0?target=denonext": "https://esm.sh/boolbase@1.0.0?target=denonext",
    "https://esm.sh/bufferutil@^4.0.1?target=denonext": "https://esm.sh/bufferutil@4.1.0?target=denonext",
    "https://esm.sh/cheerio-select@^2.1.0?target=denonext": "https://esm.sh/cheerio-select@2.1.0?target=denonext",
    "https://esm.sh/css-select@^5.1.0?target=denonext": "https://esm.sh/css-select@5.2.2?target=denonext",
    "https://esm.sh/css-what@^6.1.0?target=denonext": "https://esm.sh/css-what@6.2.2?target=denonext",
    "https://esm.sh/dom-serializer@^2.0.0?target=denonext": "https://esm.sh/dom-serializer@2.0.0?target=denonext",
    "https://esm.sh/domelementtype@^2.3.0?target=denonext": "https://esm.sh/domelementtype@2.3.0?target=denonext",
    "https://esm.sh/domhandler@^5.0.3?target=denonext": "https://esm.sh/domhandler@5.0.3?target=denonext",
    "https://esm.sh/domutils@^3.0.1?target=denonext": "https://esm.sh/domutils@3.2.2?target=denonext",
    "https://esm.sh/entities@^4.2.0?target=denonext": "https://esm.sh/entities@4.5.0?target=denonext",
    "https://esm.sh/entities@^4.4.0/lib/decode?target=denonext": "https://esm.sh/entities@4.5.0/lib/decode?target=denonext",
    "https://esm.sh/entities@^6.0.0/decode?target=denonext": "https://esm.sh/entities@6.0.1/decode?target=denonext",
    "https://esm.sh/entities@^6.0.0/escape?target=denonext": "https://esm.sh/entities@6.0.1/escape?target=denonext",
    "https://esm.sh/htmlparser2@^8.0.1?target=denonext": "https://esm.sh/htmlparser2@8.0.2?target=denonext",
    "https://esm.sh/iceberg-js@^0.8.1?target=denonext": "https://esm.sh/iceberg-js@0.8.1?target=denonext",
    "https://esm.sh/node-gyp-build@^4.3.0?target=denonext": "https://esm.sh/node-gyp-build@4.8.4?target=denonext",
    "https://esm.sh/nth-check@^2.0.1?target=denonext": "https://esm.sh/nth-check@2.1.1?target=denonext",
    "https://esm.sh/parse5-htmlparser2-tree-adapter@^7.0.0?target=denonext": "https://esm.sh/parse5-htmlparser2-tree-adapter@7.1.0?target=denonext",
    "https://esm.sh/parse5@^7.0.0?target=denonext": "https://esm.sh/parse5@7.3.0?target=denonext",
    "https://esm.sh/tr46@~0.0.3?target=denonext": "https://esm.sh/tr46@0.0.3?target=denonext",
    "https://esm.sh/utf-8-validate@%3E=5.0.2?target=denonext": "https://esm.sh/utf-8-validate@6.0.6?target=denonext",
    "https://esm.sh/webidl-conversions@^3.0.0?target=denonext": "https://esm.sh/webidl-conversions@3.0.1?target=denonext",
    "https://esm.sh/whatwg-url@^5.0.0?target=denonext": "https://esm.sh/whatwg-url@5.0.0?target=denonext",
    "https://esm.sh/ws@^8.14.2?target=denonext": "https://esm.sh/ws@8.21.0?target=denonext",
    "https://esm.sh/ws@^8.18.0?target=denonext": "https://esm.sh/ws@8.21.2?target=denonext"
  },
  "remote": {
    "https://deno.land/std@0.168.0/async/abortable.ts": "80b2ac399f142cc528f95a037a7d0e653296352d95c681e284533765961de409",
    "https://deno.land/std@0.168.0/async/deadline.ts": "2c2deb53c7c28ca1dda7a3ad81e70508b1ebc25db52559de6b8636c9278fd41f",
    "https://deno.land/std@0.168.0/async/debounce.ts": "60301ffb37e730cd2d6f9dadfd0ecb2a38857681bd7aaf6b0a106b06e5210a98",
    "https://deno.land/std@0.168.0/async/deferred.ts": "77d3f84255c3627f1cc88699d8472b664d7635990d5358c4351623e098e917d6",
    "https://deno.land/std@0.168.0/async/delay.ts": "5a9bfba8de38840308a7a33786a0155a7f6c1f7a859558ddcec5fe06e16daf57",
    "https://deno.land/std@0.168.0/async/mod.ts": "7809ad4bb223e40f5fdc043e5c7ca04e0e25eed35c32c3c32e28697c553fa6d9",
    "https://deno.land/std@0.168.0/async/mux_async_iterator.ts": "770a0ff26c59f8bbbda6b703a2235f04e379f73238e8d66a087edc68c2a2c35f",
    "https://deno.land/std@0.168.0/async/pool.ts": "6854d8cd675a74c73391c82005cbbe4cc58183bddcd1fbbd7c2bcda42b61cf69",
    "https://deno.land/std@0.168.0/async/retry.ts": "e8e5173623915bbc0ddc537698fa418cf875456c347eda1ed453528645b42e67",
    "https://deno.land/std@0.168.0/async/tee.ts": "3a47cc4e9a940904fd4341f0224907e199121c80b831faa5ec2b054c6d2eff5e",
    "https://deno.land/std@0.168.0/http/server.ts": "e99c1bee8a3f6571ee4cdeb2966efad465b8f6fe62bec1bdb59c1f007cc4d155",
    "https://deno.land/std@0.177.0/async/abortable.ts": "73acfb3ed7261ce0d930dbe89e43db8d34e017b063cf0eaa7d215477bf53442e",
    "https://deno.land/std@0.177.0/async/deadline.ts": "c5facb0b404eede83e38bd2717ea8ab34faa2ffb20ef87fd261fcba32ba307aa",
    "https://deno.land/std@0.177.0/async/debounce.ts": "adab11d04ca38d699444ac8a9d9856b4155e8dda2afd07ce78276c01ea5a4332",
    "https://deno.land/std@0.177.0/async/deferred.ts": "42790112f36a75a57db4a96d33974a936deb7b04d25c6084a9fa8a49f135def8",
    "https://deno.land/std@0.177.0/async/delay.ts": "73aa04cec034c84fc748c7be49bb15cac3dd43a57174bfdb7a4aec22c248f0dd",
    "https://deno.land/std@0.177.0/async/mod.ts": "f04344fa21738e5ad6bea37a6bfffd57c617c2d372bb9f9dcfd118a1b622e576",
    "https://deno.land/std@0.177.0/async/mux_async_iterator.ts": "70c7f2ee4e9466161350473ad61cac0b9f115cff4c552eaa7ef9d50c4cbb4cc9",
    "https://deno.land/std@0.177.0/async/pool.ts": "fd082bd4aaf26445909889435a5c74334c017847842ec035739b4ae637ae8260",
    "https://deno.land/std@0.177.0/async/retry.ts": "5efa3ba450ac0c07a40a82e2df296287b5013755d232049efd7ea2244f15b20f",
    "https://deno.land/std@0.177.0/async/tee.ts": "47e42d35f622650b02234d43803d0383a89eb4387e1b83b5a40106d18ae36757",
    "https://deno.land/std@0.177.0/http/server.ts": "cbb17b594651215ba95c01a395700684e569c165a567e4e04bba327f41197433",
    "https://deno.land/std@0.224.0/assert/_constants.ts": "a271e8ef5a573f1df8e822a6eb9d09df064ad66a4390f21b3e31f820a38e0975",
    "https://deno.land/std@0.224.0/assert/assert.ts": "09d30564c09de846855b7b071e62b5974b001bb72a4b797958fe0660e7849834",
    "https://deno.land/std@0.224.0/assert/assert_almost_equals.ts": "9e416114322012c9a21fa68e187637ce2d7df25bcbdbfd957cd639e65d3cf293",
    "https://deno.land/std@0.224.0/assert/assert_array_includes.ts": "14c5094471bc8e4a7895fc6aa5a184300d8a1879606574cb1cd715ef36a4a3c7",
    "https://deno.land/std@0.224.0/assert/assert_equals.ts": "3bbca947d85b9d374a108687b1a8ba3785a7850436b5a8930d81f34a32cb8c74",
    "https://deno.land/std@0.224.0/assert/assert_exists.ts": "43420cf7f956748ae6ed1230646567b3593cb7a36c5a5327269279c870c5ddfd",
    "https://deno.land/std@0.224.0/assert/assert_false.ts": "3e9be8e33275db00d952e9acb0cd29481a44fa0a4af6d37239ff58d79e8edeff",
    "https://deno.land/std@0.224.0/assert/assert_greater.ts": "5e57b201fd51b64ced36c828e3dfd773412c1a6120c1a5a99066c9b261974e46",
    "https://deno.land/std@0.224.0/assert/assert_greater_or_equal.ts": "9870030f997a08361b6f63400273c2fb1856f5db86c0c3852aab2a002e425c5b",
    "https://deno.land/std@0.224.0/assert/assert_instance_of.ts": "e22343c1fdcacfaea8f37784ad782683ec1cf599ae9b1b618954e9c22f376f2c",
    "https://deno.land/std@0.224.0/assert/assert_is_error.ts": "f856b3bc978a7aa6a601f3fec6603491ab6255118afa6baa84b04426dd3cc491",
    "https://deno.land/std@0.224.0/assert/assert_less.ts": "60b61e13a1982865a72726a5fa86c24fad7eb27c3c08b13883fb68882b307f68",
    "https://deno.land/std@0.224.0/assert/assert_less_or_equal.ts": "d2c84e17faba4afe085e6c9123a63395accf4f9e00150db899c46e67420e0ec3",
    "https://deno.land/std@0.224.0/assert/assert_match.ts": "ace1710dd3b2811c391946954234b5da910c5665aed817943d086d4d4871a8b7",
    "https://deno.land/std@0.224.0/assert/assert_not_equals.ts": "78d45dd46133d76ce624b2c6c09392f6110f0df9b73f911d20208a68dee2ef29",
    "https://deno.land/std@0.224.0/assert/assert_not_instance_of.ts": "3434a669b4d20cdcc5359779301a0588f941ffdc2ad68803c31eabdb4890cf7a",
    "https://deno.land/std@0.224.0/assert/assert_not_match.ts": "df30417240aa2d35b1ea44df7e541991348a063d9ee823430e0b58079a72242a",
    "https://deno.land/std@0.224.0/assert/assert_not_strict_equals.ts": "37f73880bd672709373d6dc2c5f148691119bed161f3020fff3548a0496f71b8",
    "https://deno.land/std@0.224.0/assert/assert_object_match.ts": "411450fd194fdaabc0089ae68f916b545a49d7b7e6d0026e84a54c9e7eed2693",
    "https://deno.land/std@0.224.0/assert/assert_rejects.ts": "4bee1d6d565a5b623146a14668da8f9eb1f026a4f338bbf92b37e43e0aa53c31",
    "https://deno.land/std@0.224.0/assert/assert_strict_equals.ts": "b4f45f0fd2e54d9029171876bd0b42dd9ed0efd8f853ab92a3f50127acfa54f5",
    "https://deno.land/std@0.224.0/assert/assert_string_includes.ts": "496b9ecad84deab72c8718735373feb6cdaa071eb91a98206f6f3cb4285e71b8",
    "https://deno.land/std@0.224.0/assert/assert_throws.ts": "c6508b2879d465898dab2798009299867e67c570d7d34c90a2d235e4553906eb",
    "https://deno.land/std@0.224.0/assert/assertion_error.ts": "ba8752bd27ebc51f723702fac2f54d3e94447598f54264a6653d6413738a8917",
    "https://deno.land/std@0.224.0/assert/equal.ts": "bddf07bb5fc718e10bb72d5dc2c36c1ce5a8bdd3b647069b6319e07af181ac47",
    "https://deno.land/std@0.224.0/assert/fail.ts": "0eba674ffb47dff083f02ced76d5130460bff1a9a68c6514ebe0cdea4abadb68",
    "https://deno.land/std@0.224.0/assert/mod.ts": "48b8cb8a619ea0b7958ad7ee9376500fe902284bb36f0e32c598c3dc34cbd6f3",
    "https://deno.land/std@0.224.0/assert/unimplemented.ts": "8c55a5793e9147b4f1ef68cd66496b7d5ba7a9e7ca30c6da070c1a58da723d73",
    "https://deno.land/std@0.224.0/assert/unreachable.ts": "5ae3dbf63ef988615b93eb08d395dda771c96546565f9e521ed86f6510c29e19",
    "https://deno.land/std@0.224.0/dotenv/mod.ts": "0180eaeedaaf88647318811cdaa418cc64dc51fb08354f91f5f480d0a1309f7d",
    "https://deno.land/std@0.224.0/dotenv/parse.ts": "09977ff88dfd1f24f9973a338f0f91bbdb9307eb5ff6085446e7c423e4c7ba0c",
    "https://deno.land/std@0.224.0/dotenv/stringify.ts": "275da322c409170160440836342eaa7cf012a1d11a7e700d8ca4e7f2f8aa4615",
    "https://deno.land/std@0.224.0/fmt/colors.ts": "508563c0659dd7198ba4bbf87e97f654af3c34eb56ba790260f252ad8012e1c5",
    "https://deno.land/std@0.224.0/internal/diff.ts": "6234a4b493ebe65dc67a18a0eb97ef683626a1166a1906232ce186ae9f65f4e6",
    "https://deno.land/std@0.224.0/internal/format.ts": "0a98ee226fd3d43450245b1844b47003419d34d210fa989900861c79820d21c2",
    "https://deno.land/std@0.224.0/internal/mod.ts": "534125398c8e7426183e12dc255bb635d94e06d0f93c60a297723abe69d3b22e",
    "https://deno.land/x/rss@0.5.8/deps.ts": "7e1d455d3c3176f5c662e281c40456f2c81380fd3998bb1f84c5e285db4a5a88",
    "https://deno.land/x/rss@0.5.8/mod.ts": "e3543b4feeadb666a6973fa1d5139d928fb3d6fde8529021b3ac5e47e55681bb",
    "https://deno.land/x/rss@0.5.8/src/deserializer.ts": "897ed3a1ee73775e1aa85e40cfaa7d38966aa52bc801edcf9ce73b621b02ab55",
    "https://deno.land/x/rss@0.5.8/src/mappers/mapper.ts": "7eaa96ffeff9730070012c671b7f5187bbcb2af3e2ae0eb0c7949366bd1dc9eb",
    "https://deno.land/x/rss@0.5.8/src/mappers/mapper_legacy.ts": "2ee4a0f2e6546c45f916538fe0ca8c0c402318eb05676b12cf991f56310888f7",
    "https://deno.land/x/rss@0.5.8/src/mappers/media_mapper.ts": "d21314dc8d687cc7976c81b94d1e92bcb840f9a3cc59cfeef82a4835d60f6a2f",
    "https://deno.land/x/rss@0.5.8/src/mappers/mod.ts": "c7ea71d61bc4b6f6886f53701c1dffd974fe11d6d9d1f811064baeebf48899dc",
    "https://deno.land/x/rss@0.5.8/src/resolvers/atom_resolver.ts": "41107cc3c57f7b51b5a8c425bb7bf91773e9d8ace01fa6c0f1df8352532d46dd",
    "https://deno.land/x/rss@0.5.8/src/resolvers/dublin_core_resolver.ts": "cdc12e443e3ce7d96b839b7ed6e97d26f0500c4bd1c8051a88871fd9fce3bcd7",
    "https://deno.land/x/rss@0.5.8/src/resolvers/media_rss_resolver.ts": "d40784e616b98d83d4a6f0d7b8e31199096a4172f7fe401c871ad504bc556a3b",
    "https://deno.land/x/rss@0.5.8/src/resolvers/mod.ts": "063f3341070fa0e69cea48a9387a226e0a1c500193d7e75cb25b0a870717c8fa",
    "https://deno.land/x/rss@0.5.8/src/resolvers/rss1_resolver.ts": "76292ebe5ab13aa17408288f62d19bdd78c74b47307e2db7fc0df595305d37a4",
    "https://deno.land/x/rss@0.5.8/src/resolvers/rss2_resolver.ts": "a82b0e9e5ba0f73d4bd924de12b0d02575a2fc56142bea534a83e632bb166b97",
    "https://deno.land/x/rss@0.5.8/src/resolvers/slash_resolver.ts": "ea904b557a18961077bb974cea64629fd46f0cc5964fd8e66eaaeca5f0682ce4",
    "https://deno.land/x/rss@0.5.8/src/resolvers/types/resolver_result.ts": "c0b211a60e799da35911aa8e6a4e882b2282261db00f94288fdc353054bd55b3",
    "https://deno.land/x/rss@0.5.8/src/types/atom.ts": "49726f13bce85e829cbcddff038652a8bc8c55279d8b07194a6b088035168a59",
    "https://deno.land/x/rss@0.5.8/src/types/deserialization_result.ts": "4f1c7a44c8c508fca4ce1558c73626ed2505140d85824208bc6512736f48aef7",
    "https://deno.land/x/rss@0.5.8/src/types/dublin_core.ts": "8b18fc08f705d2e380315213355cdf47114f1a08dcdc55865d14d13023eb87d6",
    "https://deno.land/x/rss@0.5.8/src/types/feed.ts": "b57a6b3a8498021aabe7c265d2b656aa666ca2f24e048975c4ee7b1c1fe699e0",
    "https://deno.land/x/rss@0.5.8/src/types/feed_type.ts": "b2098f23982be344a19f00915437550d1e4002fb653ac9e34455a90119ee4e6c",
    "https://deno.land/x/rss@0.5.8/src/types/fields/atom_fields.ts": "85bf1a4b3e917baa3c94f3fba8283b678d5a10e78a16c42cfa19b2ee0bf210b3",
    "https://deno.land/x/rss@0.5.8/src/types/fields/dublin_core_fields.ts": "fd6b7e5b660a4f99cabb7a62ae91ab48579de340e57c8dd7ad62c992e64c1644",
    "https://deno.land/x/rss@0.5.8/src/types/fields/media_rss_fields.ts": "076b1e23b6ca99002ffb13e5859164acdf45617aea90440acc75fb28f3aa00b4",
    "https://deno.land/x/rss@0.5.8/src/types/fields/mod.ts": "cdcbf786f30577d8e95648f10a6a1a069e6f68ba749e3b753caff94f205ddaaa",
    "https://deno.land/x/rss@0.5.8/src/types/fields/rss1_fields.ts": "04da9ca7d3fe2b59626c6b3bd18bfd41bf1b1531bc33f2d4f420f10da4e84f7e",
    "https://deno.land/x/rss@0.5.8/src/types/fields/rss2_fields.ts": "c5041472e42cdf04e9f6b2e6e2e334b016aff40524c9a4a4f2c3a5875f9508ea",
    "https://deno.land/x/rss@0.5.8/src/types/fields/slash_fields.ts": "11a1cf81744fe3b2bddbcf3a3ce6f86406d250198ef8c41e6fa58dd652e2e466",
    "https://deno.land/x/rss@0.5.8/src/types/internal/internal_atom.ts": "32a68a98bdcf268c60fdf054ed214a5ee35d75a0dbd960ad9449502b333e4107",
    "https://deno.land/x/rss@0.5.8/src/types/internal/internal_dublin_core.ts": "9f3d63a2386335c8bfe03d3ca3aa6e71f437edb2df0c29f1317308f35cdbcfea",
    "https://deno.land/x/rss@0.5.8/src/types/internal/internal_media_rss.ts": "77a85ac367575395497017c7d0982622b20dfd39ebaf1282406d0c5dc37b6e93",
    "https://deno.land/x/rss@0.5.8/src/types/internal/internal_rss1.ts": "844a931f74950bf50415758f236ed9b7df8a9d9996326582365d721378794974",
    "https://deno.land/x/rss@0.5.8/src/types/internal/internal_rss2.ts": "84a63a3dbeddc50e7a61303b083abc351d2287b5ac715eca4f4db8f4b006b504",
    "https://deno.land/x/rss@0.5.8/src/types/internal/mod.ts": "3347809917893b3b7f1730486f1c89002ca0745be43d61443cabb780b70bfc0b",
    "https://deno.land/x/rss@0.5.8/src/types/json_feed.ts": "5d39ff077934ba361b1132dcb75d1d5a397404aef9b3c0aa57ece103d8761982",
    "https://deno.land/x/rss@0.5.8/src/types/media_rss.ts": "efd2e6c8a7c7cc3fc685d0b88ef2ba406f43bea8b0e0bc22e3e4cbed3caa06a9",
    "https://deno.land/x/rss@0.5.8/src/types/mod.ts": "c8daacf748276644389dd3c8d9c5e6c964707cc59b719b35aa1a424d453d543c",
    "https://deno.land/x/rss@0.5.8/src/types/rss1.ts": "30335c0ec9c02e5ebb0ffbe5d8341a23b9c261cd85a7a7780bb6f9523fe406f9",
    "https://deno.land/x/rss@0.5.8/src/types/rss2.ts": "e71052107ea616cbd74e2c2e3c2f0c42680a97ec9ce2edfd6f440ab98ff89581",
    "https://deno.land/x/rss@0.5.8/src/types/slash.ts": "9a08968ef416f818de3ab9778650fa0b586f9c8c60369bdbd365ba110c5f6f05",
    "https://deno.land/x/rss@0.5.8/src/types/value_field.ts": "27bf4039789ad4fc2044137de736651d0e416dfd461e8dda9b0800cc735900d3",
    "https://deno.land/x/rss@0.5.8/src/util.ts": "a6611bcea8acf000eb01220092f1bea6c18aaf3ad82578c60563f25f6260c080",
    "https://deno.land/x/sax_ts@v1.2.10/src/sax.ts": "3d468d10d13d2690b5910fd12afc3cf52d979c0f144899d5c36da45c0931634e",
    "https://esm.sh/@supabase/auth-js@2.106.1/denonext/auth-js.mjs": "7167764d9d3590f3865de61dc7c64256cfc9d1f5de56a5c9d4b7ea5206484054",
    "https://esm.sh/@supabase/auth-js@2.65.0/denonext/auth-js.mjs": "b0dae93271b199b26f7990e9091ecd2556125f2bfe1c9a443893bf0519908858",
    "https://esm.sh/@supabase/auth-js@2.68.0/denonext/auth-js.mjs": "c3c7ee55b70b7bfac11c1085db2ee95b6ebccf10590336d071b219cf226bb212",
    "https://esm.sh/@supabase/functions-js@2.106.1/denonext/functions-js.mjs": "85fb07538aaa092210b598b4d0c46077491e3f7ed4a39a3a00c019ede40bf0c0",
    "https://esm.sh/@supabase/functions-js@2.4.1/denonext/functions-js.mjs": "0dfa81270bba8ae5af371b273a564203b4625b3a18e70774235b0b46ef40d940",
    "https://esm.sh/@supabase/functions-js@2.4.4/denonext/functions-js.mjs": "7adeb257410ef3c4a8a1eb9b4ff416c0075d1c32860ca04913c8a9dace1de6a6",
    "https://esm.sh/@supabase/node-fetch@2.6.15/denonext/node-fetch.mjs": "0bae9052231f4f6dbccc7234d05ea96923dbf967be12f402764580b6bf9f713d",
    "https://esm.sh/@supabase/node-fetch@2.6.15?target=denonext": "4d28c4ad97328403184353f68434f2b6973971507919e9150297413664919cf3",
    "https://esm.sh/@supabase/phoenix@0.4.5/denonext/phoenix.mjs": "40bd2a70829cd847848baac58e635bacd83fd62188f6624b44e2c295341004eb",
    "https://esm.sh/@supabase/phoenix@0.4.5?target=denonext": "28b2760cf24e1117ed0644a665bfab1c60d132872fa95bcae4cc3fecc7499ee2",
    "https://esm.sh/@supabase/postgrest-js@1.16.1/denonext/postgrest-js.mjs": "1c62b0354f3bcf923c92a1bce3fea042ec76abc51d3aac4b53957fcb0854428a",
    "https://esm.sh/@supabase/postgrest-js@1.19.2/denonext/postgrest-js.mjs": "d0a1bb70df26f658c9129401b4677510e359f66646f45bb98adfeb14c2b58560",
    "https://esm.sh/@supabase/postgrest-js@2.106.1/denonext/postgrest-js.mjs": "66f34dbf9cf6d80b24d6da093871b972427bf2cd2e7e678d6787e768c7fff7fb",
    "https://esm.sh/@supabase/realtime-js@2.10.2/denonext/realtime-js.mjs": "3a5a350e881736135ec1bd8c4361c96edeb647d3c56be7cf3a68eddfaf3ce242",
    "https://esm.sh/@supabase/realtime-js@2.106.1/denonext/realtime-js.mjs": "9b04ca8b407d5467f336ff548975ba5654965104c24f08d89684357556fcec70",
    "https://esm.sh/@supabase/realtime-js@2.11.2/denonext/realtime-js.mjs": "c33ac375b6be89c893f9df844d2525a4ace015a35aa6ba236270d00c6605c7ba",
    "https://esm.sh/@supabase/storage-js@2.106.1/denonext/storage-js.mjs": "ae2f3d671c578f618a994328012507b2ff8fda95db559963c36e06e233cf1e82",
    "https://esm.sh/@supabase/storage-js@2.7.0/denonext/storage-js.mjs": "e831f9ac91b49f5e7026879efa7b61a360bc1c4b9fa2dd9890432c2e877a6611",
    "https://esm.sh/@supabase/storage-js@2.7.1/denonext/storage-js.mjs": "73ac8cdc95cfcd794fe603dbd7ce06d539ab51538ae6467eabe0f9cc26c993aa",
    "https://esm.sh/@supabase/supabase-js@2.106.1": "1b378cc89620ed0bf3e646b946b593e75d8e8ac0e43a4e07db6b71516ca757ec",
    "https://esm.sh/@supabase/supabase-js@2.106.1/denonext/supabase-js.mjs": "77f6d2a20e78d4b9620c4ea6c694ae6103e4bb9e282b55236d3eab86ffce1a23",
    "https://esm.sh/@supabase/supabase-js@2.45.0": "36ae57c3f2dc3f94fd122a846b40a87114d29bb2f47e910cb46bee5575febf2e",
    "https://esm.sh/@supabase/supabase-js@2.45.4": "1108d69216995335d057dbd15907caaf514a4d1ef082f097050573b9d589a57c",
    "https://esm.sh/@supabase/supabase-js@2.45.4/denonext/supabase-js.mjs": "8d7c017f03473b9c0f9cd1be611dc51d8c4f359183ece1fcffda731ccc55aba3",
    "https://esm.sh/@supabase/supabase-js@2.49.1": "947c71e163ca8bb5b538eccb5ee86fbc8da6bcb916a861586db5fad1af4701bb",
    "https://esm.sh/@supabase/supabase-js@2.49.1/denonext/supabase-js.mjs": "35cb49b21ab1bdfb4bdc239a458ebe273a3478be9fbb4380a41efac28ff2bd72",
    "https://esm.sh/@supabase/supabase-js@2.98.0": "7c91584aa8d7c3b272be04122a907e00a7028a20d0eaf5e40b2eb1eed10f06b3",
    "https://esm.sh/boolbase@1.0.0/denonext/boolbase.mjs": "70e9521b9532b5e4dc0c807422529b15b4452663dbdb70dff9c7b65d0ff2e3cb",
    "https://esm.sh/boolbase@1.0.0?target=denonext": "5d10bc2e0fb13eedfc6859bffbeb5a6f08679797fa8740c7d821841c2e22945f",
    "https://esm.sh/bufferutil@4.1.0/denonext/bufferutil.mjs": "9b6e81087bdc57848ad1de1f8618ebbace98ebd9ff6cab51260b48c2a045a9c9",
    "https://esm.sh/bufferutil@4.1.0?target=denonext": "aaa2a112199593ccc40da1aedf5124779862ea166afb0a8529f04f907001428a",
    "https://esm.sh/cheerio-select@2.1.0/denonext/cheerio-select.mjs": "755b7da4011b67a75d1140d76c503cd6929c7213454debf5b6ebc086b73fa9d9",
    "https://esm.sh/cheerio-select@2.1.0?target=denonext": "ae26d1996b4bb1d701cb7095e1c2ed7310e5fe88c3786efc26ceb6168ce1513d",
    "https://esm.sh/cheerio@1.0.0-rc.12": "fce7bbfff7de7d2c635a798ea80e9a8beb5284c394c79d76afbe6d7b9675e7c0",
    "https://esm.sh/cheerio@1.0.0-rc.12/denonext/cheerio.mjs": "b4ca825480bc25536b37570eacb6693d4c6d2371033ff2e5e32ceedc8f01e42f",
    "https://esm.sh/cheerio@1.0.0-rc.12/denonext/lib/esm/load.mjs": "f5493a87fd62b2c4e19185a1e1a3ed93d5b2becfb7b46bfccc9ac16943883821",
    "https://esm.sh/cheerio@1.0.0-rc.12/denonext/lib/esm/options.mjs": "382ade1b80a105b9d83e74f4c87e2cb27ebc0b3304c7b7094443b2f191f7b881",
    "https://esm.sh/cheerio@1.0.0-rc.12/denonext/lib/esm/parse.mjs": "924fbfd7fa9528fb593ee0ad0f678196c076f1f3d733cbbb0a19f718e5796b5f",
    "https://esm.sh/cheerio@1.0.0-rc.12/denonext/lib/esm/static.mjs": "5b6fe5cefd4a13f0692930f81e5a3667ddf45051910bf74276fb584605aacbd7",
    "https://esm.sh/cheerio@1.0.0-rc.12/denonext/lib/esm/types.mjs": "548363e175a73fe23431f9959f0c4e942d9f9f107dbb5a3367f6a4e4f4129beb",
    "https://esm.sh/cheerio@1.0.0-rc.12/denonext/lib/utils.mjs": "53ba8383160d9a7cee7d7c8db9b680ba276c2439f391fc8395b64eac5d5c5a35",
    "https://esm.sh/css-select@5.2.2/denonext/css-select.mjs": "db6e191df366250412483170f6cc25b8416b86b7cbfc85b386de2aa92712924b",
    "https://esm.sh/css-select@5.2.2?target=denonext": "6a1bffb076b7b4260cd1c62d3be28be32fdc7c9260a22f2402f218cb12beb440",
    "https://esm.sh/css-what@6.2.2/denonext/css-what.mjs": "9c9b079c45f30d5392006f8225f9322564898dd23888e9e6740e25955d37e204",
    "https://esm.sh/css-what@6.2.2?target=denonext": "74e16b118fb7045d5c136d4deaa3473627c8d10eb1fd7d0ab29ae5f588bec979",
    "https://esm.sh/dom-serializer@2.0.0/denonext/dom-serializer.mjs": "545028b1d2c25bae5cbfe6930a28a2e4f7f05e1a0d09bbd0f3f5f9a33df8e3bd",
    "https://esm.sh/dom-serializer@2.0.0?target=denonext": "1626b2b8326556ea2816b5f9bf7522bc9581d545fd9ad117c066ab7a5ff1fb89",
    "https://esm.sh/domelementtype@2.3.0/denonext/domelementtype.mjs": "4f3b57348729cd517560139eb1969ca2fe9cc58c5188abe56e7336d5cb557cc0",
    "https://esm.sh/domelementtype@2.3.0?target=denonext": "2beb2a1e3d18892a9b00ef9528811b93f613a77d2b6fb25376ec0f109ac48a4f",
    "https://esm.sh/domhandler@5.0.3/denonext/domhandler.mjs": "3fb258a3d79bc9066a568bb6b09ce946d1fcfa2636a24ae80a4db220956e0873",
    "https://esm.sh/domhandler@5.0.3?target=denonext": "298fde249b7bff9e80667cfe643e7d4b390871b77b0928d086ce4c0b8fc570e2",
    "https://esm.sh/domutils@3.2.2/denonext/domutils.mjs": "f0b4e80e73810ed6f3d8c4e1822feef89208f32c88b6024a84328d02f5f77c40",
    "https://esm.sh/domutils@3.2.2?target=denonext": "7e487176c61dfd1dfdbcfd1195e7329a64f53421511561b69c570a6cff0a6167",
    "https://esm.sh/entities@4.5.0/denonext/entities.mjs": "4a9306e4021ae1079e83b5db26e1678c536fa69c8f2839802bc3cc43282cef08",
    "https://esm.sh/entities@4.5.0/denonext/lib/decode.mjs": "ef22e25f6bca668e40c4f7d4ecaebe2172a833a18372d55b54f997d0d8702dcd",
    "https://esm.sh/entities@4.5.0/denonext/lib/escape.mjs": "116aef78e5ff05efa6f79851b8b59da025ab88f5c25d2262f73df98f4d57c3fa",
    "https://esm.sh/entities@4.5.0/lib/decode?target=denonext": "488bc8401a0c85a76527d61a41352c5371904aeda57a136eb10ccfadcd2f7c8c",
    "https://esm.sh/entities@4.5.0?target=denonext": "f6bc559c07f40e94b3ef50f0b24e2666a2258db3b6697bf4da8fd2fc014ef7a1",
    "https://esm.sh/entities@6.0.1/decode?target=denonext": "3ccc9b5e285ac182223bec6c9e053ff17814f4d27a31b8abafe35d3b684faaa7",
    "https://esm.sh/entities@6.0.1/denonext/decode.mjs": "0e11dc867c49cd73eaa3de858276b02727bf6a3e1e5a84be72722cba08697b7d",
    "https://esm.sh/entities@6.0.1/denonext/escape.mjs": "f23f7faf0499133a54a93a5dc4276f08793b2bb36b539b1bacddcc3b1e746aca",
    "https://esm.sh/entities@6.0.1/escape?target=denonext": "c3df42c65816226666e5a0560e68e3c058a184684488a26b3dedce05eaa329e2",
    "https://esm.sh/htmlparser2@8.0.2/denonext/htmlparser2.mjs": "c0be0f190e625b82e88378875016f820a38d586e9c885d37e3dd2073a4f0fdfb",
    "https://esm.sh/htmlparser2@8.0.2/denonext/lib/esm/Parser.mjs": "d58fb2f87f8fead8e7ac03c544690908b4db21ab0513415b0cfe9311ab31aaa3",
    "https://esm.sh/htmlparser2@8.0.2/denonext/lib/esm/Tokenizer.mjs": "09109e601c7acd75b99c2a34e53e339a46301d9937e1495eaca8f9019a7b3040",
    "https://esm.sh/htmlparser2@8.0.2?target=denonext": "fd3edaa58a00e79f11b3510cc3930c9f5345486cdcc52c0afe24bbb36aece028",
    "https://esm.sh/iceberg-js@0.8.1/denonext/iceberg-js.mjs": "d839d81a2e3966500ca2cdd0c1cb458e9608bacfc91f7bb67a69b2e878dcdb4f",
    "https://esm.sh/iceberg-js@0.8.1?target=denonext": "58c849d7fe2bf4eca4a84eb501e83c161a7d8c34ca1bec15a962b3bec3062633",
    "https://esm.sh/node-gyp-build@4.8.4/denonext/node-gyp-build.mjs": "9a86f2d044fc77bd60aaa3d697c2ba1b818da5fb1b9aaeedec59a40b8e908803",
    "https://esm.sh/node-gyp-build@4.8.4?target=denonext": "261a6cedf1fdbf159798141ba1e2311ac1510682c5c8b55dacc8cf5fdee4aa06",
    "https://esm.sh/nth-check@2.1.1/denonext/nth-check.mjs": "2b0541d4564b27c31b37b006329c64036bee04a4c8f14e8357037fd7d35ecfe4",
    "https://esm.sh/nth-check@2.1.1?target=denonext": "689135c5e0e825a2a89058636f1b3a497040597c17de9107c703e9d764d22e25",
    "https://esm.sh/parse5-htmlparser2-tree-adapter@7.1.0/denonext/parse5-htmlparser2-tree-adapter.mjs": "7bfd000e678a20d0648da01bf5a9bc85188b3d10e4e079525324d336d9a4a4a2",
    "https://esm.sh/parse5-htmlparser2-tree-adapter@7.1.0?target=denonext": "c3f6c7adc65cd1bc13b5fb95d1cd40cdb1250d49488c5252156d3fde0947b0e4",
    "https://esm.sh/parse5@7.3.0/denonext/parse5.mjs": "39564d89f13b5d701ac8f869caea8660ada421fcd19ef2234adfd935cf7cf27e",
    "https://esm.sh/parse5@7.3.0?target=denonext": "898a8cf4c02510b1cd0f90c9dffdfe9229f31f2dec425310da4404d472137f2e",
    "https://esm.sh/tr46@0.0.3/denonext/tr46.mjs": "5753ec0a99414f4055f0c1f97691100f13d88e48a8443b00aebb90a512785fa2",
    "https://esm.sh/tr46@0.0.3?target=denonext": "19cb9be0f0d418a0c3abb81f2df31f080e9540a04e43b0f699bce1149cba0cbb",
    "https://esm.sh/tslib@2.8.1/denonext/tslib.mjs": "c38da5dd6da6281964435002ce204cd586634fe3bdfb24a0ee116f48cf3292e9",
    "https://esm.sh/unpdf@0.12.1": "fbffa8cb0799e760249fb47326cc2134abda5e15d1f71e2dc20c1594217aaad6",
    "https://esm.sh/unpdf@0.12.1/denonext/pdfjs.mjs": "05a65f2d4a1ec50188b9df481cd3730b5b1a160f3fde5efd84ea8b0551e495b9",
    "https://esm.sh/unpdf@0.12.1/denonext/unpdf.mjs": "11b8f12478e2a1bd12ff9294699b6d41c9eb2425ee1832579a967c7049c0ef6a",
    "https://esm.sh/utf-8-validate@6.0.6/denonext/utf-8-validate.mjs": "4a41983aa887625615f52a52b53c223d8f16c74e52a6bd41b2c361894c07f878",
    "https://esm.sh/utf-8-validate@6.0.6?target=denonext": "8afa4e097093160323f232f971ca61474d22ccafdac8025e4e4f66ab4e07b2c4",
    "https://esm.sh/webidl-conversions@3.0.1/denonext/webidl-conversions.mjs": "238cd0743827707cbc1c2d7c2cf1027dbc536fb53ec9a3fde0ff8026a3ac5385",
    "https://esm.sh/webidl-conversions@3.0.1?target=denonext": "4e20318d50528084616c79d7b3f6e7f0fe7b6d09013bd01b3974d7448d767e29",
    "https://esm.sh/whatwg-url@5.0.0/denonext/whatwg-url.mjs": "29b16d74ee72624c915745bbd25b617cfd2248c6af0f5120d131e232a9a9af79",
    "https://esm.sh/whatwg-url@5.0.0?target=denonext": "f001a2cadf81312d214ca330033f474e74d81a003e21e8c5d70a1f46dc97b02d",
    "https://esm.sh/ws@8.21.0/denonext/ws.mjs": "2123ca54b24f3afe1eaf408d9e6b39147b05cda4c3c0c7773465e44c86964671",
    "https://esm.sh/ws@8.21.0?target=denonext": "bbe46738716c3f43e77c16cd757403a4a9e8bcca1559f405c06fe59e5b6f3de5",
    "https://esm.sh/ws@8.21.2/denonext/ws.mjs": "7a0787acb97fda2d0969e5bcf99fb7670f997bbed2c53abd1ea80054e233952f",
    "https://esm.sh/ws@8.21.2?target=denonext": "44532a2ccd90528249a6a13f424782b1cfa480d509c6f263bf9c05e83fd708df"
  },
  "workspace": {
    "packageJson": {
      "dependencies": [
        "npm:@eslint/js@^9.32.0",
        "npm:@hookform/resolvers@^3.10.0",
        "npm:@lovable.dev/cloud-auth-js@1",
        "npm:@lovable.dev/email-js@0.2.0",
        "npm:@radix-ui/react-accordion@^1.2.11",
        "npm:@radix-ui/react-alert-dialog@^1.1.14",
        "npm:@radix-ui/react-aspect-ratio@^1.1.7",
        "npm:@radix-ui/react-avatar@^1.1.10",
        "npm:@radix-ui/react-checkbox@^1.3.2",
        "npm:@radix-ui/react-collapsible@^1.1.11",
        "npm:@radix-ui/react-context-menu@^2.2.15",
        "npm:@radix-ui/react-dialog@^1.1.14",
        "npm:@radix-ui/react-dropdown-menu@^2.1.15",
        "npm:@radix-ui/react-hover-card@^1.1.14",
        "npm:@radix-ui/react-label@^2.1.7",
        "npm:@radix-ui/react-menubar@^1.1.15",
        "npm:@radix-ui/react-navigation-menu@^1.2.13",
        "npm:@radix-ui/react-popover@^1.1.14",
        "npm:@radix-ui/react-progress@^1.1.7",
        "npm:@radix-ui/react-radio-group@^1.3.7",
        "npm:@radix-ui/react-scroll-area@^1.2.9",
        "npm:@radix-ui/react-select@^2.2.5",
        "npm:@radix-ui/react-separator@^1.1.7",
        "npm:@radix-ui/react-slider@^1.3.5",
        "npm:@radix-ui/react-slot@^1.2.3",
        "npm:@radix-ui/react-switch@^1.2.5",
        "npm:@radix-ui/react-tabs@^1.1.12",
        "npm:@radix-ui/react-toast@^1.2.14",
        "npm:@radix-ui/react-toggle-group@^1.1.10",
        "npm:@radix-ui/react-toggle@^1.1.9",
        "npm:@radix-ui/react-tooltip@^1.2.7",
        "npm:@sentry/react@^10.69.0",
        "npm:@supabase/supabase-js@2.112.4",
        "npm:@tailwindcss/typography@~0.5.16",
        "npm:@tanstack/react-query@^5.83.0",
        "npm:@testing-library/jest-dom@6.9.1",
        "npm:@testing-library/react@16",
        "npm:@types/node@^22.16.5",
        "npm:@types/react-dom@^18.3.7",
        "npm:@types/react@^18.3.23",
        "npm:@types/web-push@3.6.4",
        "npm:@vercel/analytics@^2.0.1",
        "npm:@vitejs/plugin-react-swc@^3.11.0",
        "npm:autoprefixer@^10.4.21",
        "npm:class-variance-authority@~0.7.1",
        "npm:clsx@^2.1.1",
        "npm:cmdk@^1.1.1",
        "npm:date-fns@^3.6.0",
        "npm:embla-carousel-react@^8.6.0",
        "npm:eslint-plugin-react-hooks@^5.2.0",
        "npm:eslint-plugin-react-refresh@~0.4.20",
        "npm:eslint@^9.32.0",
        "npm:globals@^15.15.0",
        "npm:input-otp@^1.4.2",
        "npm:jsdom@^20.0.3",
        "npm:lightningcss@^1.32.0",
        "npm:lovable-tagger@^1.1.13",
        "npm:lucide-react@0.462",
        "npm:next-themes@0.3",
        "npm:pdf-parse@^2.4.5",
        "npm:pg@^8.21.0",
        "npm:postcss@8.5.26",
        "npm:posthog-js@^1.418.10",
        "npm:react-day-picker@^8.10.1",
        "npm:react-dom@^18.3.1",
        "npm:react-hook-form@^7.61.1",
        "npm:react-markdown@^10.1.0",
        "npm:react-resizable-panels@^2.1.9",
        "npm:react-router-dom@6.30.6",
        "npm:react@^18.3.1",
        "npm:recharts@^2.15.4",
        "npm:remark-gfm@^4.0.1",
        "npm:sonner@^1.7.4",
        "npm:tailwind-merge@^2.6.0",
        "npm:tailwindcss-animate@^1.0.7",
        "npm:tailwindcss@^3.4.17",
        "npm:tsx@^4.22.0",
        "npm:typescript-eslint@^8.38.0",
        "npm:typescript@^5.8.3",
        "npm:vaul@~0.9.9",
        "npm:vite@6.4.3",
        "npm:vitest@^3.2.4",
        "npm:web-push@3.6.7",
        "npm:zod@^3.25.76"
      ]
    }
  }
}
